
Microsoft Visual Studio Solution File, Format Version 12.00
# Visual Studio Version 16
VisualStudioVersion = 16.0.30711.63
MinimumVisualStudioVersion = 10.0.40219.1
Project("{8BC9CEB8-8B4A-11D0-8D11-00A0C91BC942}") = "ArvoreBinaria", "ArvoreBinaria.vcxproj", "{CAD71384-EB2A-4092-9E51-91FAF7320D19}"
EndProject
Global
	GlobalSection(SolutionConfigurationPlatforms) = preSolution
		Debug|x64 = Debug|x64
		Debug|x86 = Debug|x86
		Release|x64 = Release|x64
		Release|x86 = Release|x86
	EndGlobalSection
	GlobalSection(ProjectConfigurationPlatforms) = postSolution
		{CAD71384-EB2A-4092-9E51-91FAF7320D19}.Debug|x64.ActiveCfg = Debug|x64
		{CAD71384-EB2A-4092-9E51-91FAF7320D19}.Debug|x64.Build.0 = Debug|x64
		{CAD71384-EB2A-4092-9E51-91FAF7320D19}.Debug|x86.ActiveCfg = Debug|Win32
		{CAD71384-EB2A-4092-9E51-91FAF7320D19}.Debug|x86.Build.0 = Debug|Win32
		{CAD71384-EB2A-4092-9E51-91FAF7320D19}.Release|x64.ActiveCfg = Release|x64
		{CAD71384-EB2A-4092-9E51-91FAF7320D19}.Release|x64.Build.0 = Release|x64
		{CAD71384-EB2A-4092-9E51-91FAF7320D19}.Release|x86.ActiveCfg = Release|Win32
		{CAD71384-EB2A-4092-9E51-91FAF7320D19}.Release|x86.Build.0 = Release|Win32
	EndGlobalSection
	GlobalSection(SolutionProperties) = preSolution
		HideSolutionNode = FALSE
	EndGlobalSection
	GlobalSection(ExtensibilityGlobals) = postSolution
		SolutionGuid = {923412E9-5982-4172-AB86-58006DB821D3}
	EndGlobalSection
EndGlobal
